
Microsoft Visual Studio Solution File, Format Version 12.00
# Visual Studio Version 17
VisualStudioVersion = 17.10.35122.118
MinimumVisualStudioVersion = 10.0.40219.1
Project("{FAE04EC0-301F-11D3-BF4B-00C04F79EFBC}") = "AshmawyX", "AshmawyX.csproj", "{EB83F26D-D6AE-46C0-9A6D-A9C773EA936E}"
EndProject
Global
	GlobalSection(SolutionConfigurationPlatforms) = preSolution
		Debug|Any CPU = Debug|Any CPU
		Release|Any CPU = Release|Any CPU
	EndGlobalSection
	GlobalSection(ProjectConfigurationPlatforms) = postSolution
		{EB83F26D-D6AE-46C0-9A6D-A9C773EA936E}.Debug|Any CPU.ActiveCfg = Debug|Any CPU
		{EB83F26D-D6AE-46C0-9A6D-A9C773EA936E}.Debug|Any CPU.Build.0 = Debug|Any CPU
		{EB83F26D-D6AE-46C0-9A6D-A9C773EA936E}.Release|Any CPU.ActiveCfg = Release|Any CPU
		{EB83F26D-D6AE-46C0-9A6D-A9C773EA936E}.Release|Any CPU.Build.0 = Release|Any CPU
	EndGlobalSection
	GlobalSection(SolutionProperties) = preSolution
		HideSolutionNode = FALSE
	EndGlobalSection
	GlobalSection(ExtensibilityGlobals) = postSolution
		SolutionGuid = {8500F277-CBA2-459B-AB79-EF0EF61DEDA6}
	EndGlobalSection
EndGlobal
